
Microsoft Visual Studio Solution File, Format Version 12.00
# Visual Studio 2015
Project("{FAE04EC0-301F-11D3-BF4B-00C04F79EFBC}") = "blah.CSharp", "blah.CSharp.csproj", "{26C722DE-CC9D-5F4E-A8A6-763DC41306D2}"
EndProject
Project("{FAE04EC0-301F-11D3-BF4B-00C04F79EFBC}") = "blah.CSharp.Editor", "blah.CSharp.Editor.csproj", "{3E66A91A-2A5C-50A8-7EAA-92C3B3F7BFC1}"
EndProject
Global
	GlobalSection(SolutionConfigurationPlatforms) = preSolution
		Debug|Any CPU = Debug|Any CPU
		Release|Any CPU = Release|Any CPU
	EndGlobalSection
	GlobalSection(ProjectConfigurationPlatforms) = postSolution
		{26C722DE-CC9D-5F4E-A8A6-763DC41306D2}.Debug|Any CPU.ActiveCfg = Debug|Any CPU
		{26C722DE-CC9D-5F4E-A8A6-763DC41306D2}.Debug|Any CPU.Build.0 = Debug|Any CPU
		{26C722DE-CC9D-5F4E-A8A6-763DC41306D2}.Release|Any CPU.ActiveCfg = Release|Any CPU
		{26C722DE-CC9D-5F4E-A8A6-763DC41306D2}.Release|Any CPU.Build.0 = Release|Any CPU
		{3E66A91A-2A5C-50A8-7EAA-92C3B3F7BFC1}.Debug|Any CPU.ActiveCfg = Debug|Any CPU
		{3E66A91A-2A5C-50A8-7EAA-92C3B3F7BFC1}.Debug|Any CPU.Build.0 = Debug|Any CPU
		{3E66A91A-2A5C-50A8-7EAA-92C3B3F7BFC1}.Release|Any CPU.ActiveCfg = Release|Any CPU
		{3E66A91A-2A5C-50A8-7EAA-92C3B3F7BFC1}.Release|Any CPU.Build.0 = Release|Any CPU
	EndGlobalSection
	GlobalSection(SolutionProperties) = preSolution
		HideSolutionNode = FALSE
	EndGlobalSection
EndGlobal
